PODS:
  - KLCPopup (1.1-yusuga)
  - YSAccountStore (0.1.1)
  - YSImageFilter (0.1.8)
  - YSUtility (0.1.1)

DEPENDENCIES:
  - KLCPopup (= 1.1-yusuga)
  - YSAccountStore
  - YSImageFilter
  - YSUtility

SPEC CHECKSUMS:
  KLCPopup: 00b1cc5e2b2dcdafc639b6be0a359d8d57475c11
  YSAccountStore: 597bf4df38b82fcb62fd362d0a2ab364df9fda2a
  YSImageFilter: e499b622bfb8b73f89f166b76ac6bc93a82d4d6d
  YSUtility: ef0bc9a6984a129971ac03ec13657d407326ee94

COCOAPODS: 0.38.0
