PODS:
  - CocoaLumberjack (2.0.1):
    - CocoaLumberjack/Default (= 2.0.1)
    - CocoaLumberjack/Extensions (= 2.0.1)
  - CocoaLumberjack/Core (2.0.1)
  - CocoaLumberjack/Default (2.0.1):
    - CocoaLumberjack/Core
  - CocoaLumberjack/Extensions (2.0.1):
    - CocoaLumberjack/Default
  - KLCPopup (1.1-yusuga)
  - YSAccountStore (0.1.1)
  - YSHelper (0.0.4):
    - CocoaLumberjack (~> 2.0.0-rc)
  - YSImageFilter (0.1.7)

DEPENDENCIES:
  - KLCPopup (= 1.1-yusuga)
  - YSAccountStore
  - YSHelper
  - YSImageFilter

SPEC CHECKSUMS:
  CocoaLumberjack: 019d1361244274a6138c788c6cb80baabc13fb8f
  KLCPopup: 00b1cc5e2b2dcdafc639b6be0a359d8d57475c11
  YSAccountStore: 597bf4df38b82fcb62fd362d0a2ab364df9fda2a
  YSHelper: 512a244d97f843fab83353c8e32a1a646be8d03b
  YSImageFilter: c5aaf64c9cd71c308e138476840145bcece3ff75

COCOAPODS: 0.35.0
